
Microsoft Visual Studio Solution File, Format Version 12.00
# Visual Studio 15
VisualStudioVersion = 15.0.28307.1622
MinimumVisualStudioVersion = 10.0.40219.1
Project("{8BC9CEB8-8B4A-11D0-8D11-00A0C91BC942}") = "task1", "task1\task1.vcxproj", "{A9C3DA56-0E3C-4248-99A4-83452C68E769}"
EndProject
Project("{8BC9CEB8-8B4A-11D0-8D11-00A0C91BC942}") = "task2", "task2\task2.vcxproj", "{13623478-0662-49EA-9CBD-9E786AB691CA}"
EndProject
Project("{8BC9CEB8-8B4A-11D0-8D11-00A0C91BC942}") = "task3", "task3\task3.vcxproj", "{8A315D8A-814D-47CF-B3C3-DCD07818B35B}"
EndProject
Project("{8BC9CEB8-8B4A-11D0-8D11-00A0C91BC942}") = "task4", "task4\task4.vcxproj", "{8F811DD0-E73A-48DB-A24F-C29FE4028348}"
EndProject
Project("{8BC9CEB8-8B4A-11D0-8D11-00A0C91BC942}") = "task5", "task5\task5.vcxproj", "{E00EE8D3-9654-4406-80DE-3901B3595520}"
EndProject
Project("{8BC9CEB8-8B4A-11D0-8D11-00A0C91BC942}") = "task6", "task6\task6.vcxproj", "{A06AE913-7358-4734-901B-0B1A414B27FF}"
EndProject
Project("{8BC9CEB8-8B4A-11D0-8D11-00A0C91BC942}") = "task7", "task7\task7.vcxproj", "{53C96AD0-A136-4467-913D-ECA73993F16A}"
EndProject
Project("{8BC9CEB8-8B4A-11D0-8D11-00A0C91BC942}") = "task9", "task9\task9.vcxproj", "{D382D11D-2824-42DE-982D-915F47515D5A}"
EndProject
Project("{8BC9CEB8-8B4A-11D0-8D11-00A0C91BC942}") = "task8", "task8\task8.vcxproj", "{08C6AB64-A5CD-4077-880C-1C841C300995}"
EndProject
Project("{8BC9CEB8-8B4A-11D0-8D11-00A0C91BC942}") = "task10", "task10\task10.vcxproj", "{E7442CBF-DA7F-4D51-A913-915ACCA8CC55}"
EndProject
Global
	GlobalSection(SolutionConfigurationPlatforms) = preSolution
		Debug|x64 = Debug|x64
		Debug|x86 = Debug|x86
		Release|x64 = Release|x64
		Release|x86 = Release|x86
	EndGlobalSection
	GlobalSection(ProjectConfigurationPlatforms) = postSolution
		{A9C3DA56-0E3C-4248-99A4-83452C68E769}.Debug|x64.ActiveCfg = Debug|x64
		{A9C3DA56-0E3C-4248-99A4-83452C68E769}.Debug|x64.Build.0 = Debug|x64
		{A9C3DA56-0E3C-4248-99A4-83452C68E769}.Debug|x86.ActiveCfg = Debug|Win32
		{A9C3DA56-0E3C-4248-99A4-83452C68E769}.Debug|x86.Build.0 = Debug|Win32
		{A9C3DA56-0E3C-4248-99A4-83452C68E769}.Release|x64.ActiveCfg = Release|x64
		{A9C3DA56-0E3C-4248-99A4-83452C68E769}.Release|x64.Build.0 = Release|x64
		{A9C3DA56-0E3C-4248-99A4-83452C68E769}.Release|x86.ActiveCfg = Release|Win32
		{A9C3DA56-0E3C-4248-99A4-83452C68E769}.Release|x86.Build.0 = Release|Win32
		{13623478-0662-49EA-9CBD-9E786AB691CA}.Debug|x64.ActiveCfg = Debug|x64
		{13623478-0662-49EA-9CBD-9E786AB691CA}.Debug|x64.Build.0 = Debug|x64
		{13623478-0662-49EA-9CBD-9E786AB691CA}.Debug|x86.ActiveCfg = Debug|Win32
		{13623478-0662-49EA-9CBD-9E786AB691CA}.Debug|x86.Build.0 = Debug|Win32
		{13623478-0662-49EA-9CBD-9E786AB691CA}.Release|x64.ActiveCfg = Release|x64
		{13623478-0662-49EA-9CBD-9E786AB691CA}.Release|x64.Build.0 = Release|x64
		{13623478-0662-49EA-9CBD-9E786AB691CA}.Release|x86.ActiveCfg = Release|Win32
		{13623478-0662-49EA-9CBD-9E786AB691CA}.Release|x86.Build.0 = Release|Win32
		{8A315D8A-814D-47CF-B3C3-DCD07818B35B}.Debug|x64.ActiveCfg = Debug|x64
		{8A315D8A-814D-47CF-B3C3-DCD07818B35B}.Debug|x64.Build.0 = Debug|x64
		{8A315D8A-814D-47CF-B3C3-DCD07818B35B}.Debug|x86.ActiveCfg = Debug|Win32
		{8A315D8A-814D-47CF-B3C3-DCD07818B35B}.Debug|x86.Build.0 = Debug|Win32
		{8A315D8A-814D-47CF-B3C3-DCD07818B35B}.Release|x64.ActiveCfg = Release|x64
		{8A315D8A-814D-47CF-B3C3-DCD07818B35B}.Release|x64.Build.0 = Release|x64
		{8A315D8A-814D-47CF-B3C3-DCD07818B35B}.Release|x86.ActiveCfg = Release|Win32
		{8A315D8A-814D-47CF-B3C3-DCD07818B35B}.Release|x86.Build.0 = Release|Win32
		{8F811DD0-E73A-48DB-A24F-C29FE4028348}.Debug|x64.ActiveCfg = Debug|x64
		{8F811DD0-E73A-48DB-A24F-C29FE4028348}.Debug|x64.Build.0 = Debug|x64
		{8F811DD0-E73A-48DB-A24F-C29FE4028348}.Debug|x86.ActiveCfg = Debug|Win32
		{8F811DD0-E73A-48DB-A24F-C29FE4028348}.Debug|x86.Build.0 = Debug|Win32
		{8F811DD0-E73A-48DB-A24F-C29FE4028348}.Release|x64.ActiveCfg = Release|x64
		{8F811DD0-E73A-48DB-A24F-C29FE4028348}.Release|x64.Build.0 = Release|x64
		{8F811DD0-E73A-48DB-A24F-C29FE4028348}.Release|x86.ActiveCfg = Release|Win32
		{8F811DD0-E73A-48DB-A24F-C29FE4028348}.Release|x86.Build.0 = Release|Win32
		{E00EE8D3-9654-4406-80DE-3901B3595520}.Debug|x64.ActiveCfg = Debug|x64
		{E00EE8D3-9654-4406-80DE-3901B3595520}.Debug|x64.Build.0 = Debug|x64
		{E00EE8D3-9654-4406-80DE-3901B3595520}.Debug|x86.ActiveCfg = Debug|Win32
		{E00EE8D3-9654-4406-80DE-3901B3595520}.Debug|x86.Build.0 = Debug|Win32
		{E00EE8D3-9654-4406-80DE-3901B3595520}.Release|x64.ActiveCfg = Release|x64
		{E00EE8D3-9654-4406-80DE-3901B3595520}.Release|x64.Build.0 = Release|x64
		{E00EE8D3-9654-4406-80DE-3901B3595520}.Release|x86.ActiveCfg = Release|Win32
		{E00EE8D3-9654-4406-80DE-3901B3595520}.Release|x86.Build.0 = Release|Win32
		{A06AE913-7358-4734-901B-0B1A414B27FF}.Debug|x64.ActiveCfg = Debug|x64
		{A06AE913-7358-4734-901B-0B1A414B27FF}.Debug|x64.Build.0 = Debug|x64
		{A06AE913-7358-4734-901B-0B1A414B27FF}.Debug|x86.ActiveCfg = Debug|Win32
		{A06AE913-7358-4734-901B-0B1A414B27FF}.Debug|x86.Build.0 = Debug|Win32
		{A06AE913-7358-4734-901B-0B1A414B27FF}.Release|x64.ActiveCfg = Release|x64
		{A06AE913-7358-4734-901B-0B1A414B27FF}.Release|x64.Build.0 = Release|x64
		{A06AE913-7358-4734-901B-0B1A414B27FF}.Release|x86.ActiveCfg = Release|Win32
		{A06AE913-7358-4734-901B-0B1A414B27FF}.Release|x86.Build.0 = Release|Win32
		{53C96AD0-A136-4467-913D-ECA73993F16A}.Debug|x64.ActiveCfg = Debug|x64
		{53C96AD0-A136-4467-913D-ECA73993F16A}.Debug|x64.Build.0 = Debug|x64
		{53C96AD0-A136-4467-913D-ECA73993F16A}.Debug|x86.ActiveCfg = Debug|Win32
		{53C96AD0-A136-4467-913D-ECA73993F16A}.Debug|x86.Build.0 = Debug|Win32
		{53C96AD0-A136-4467-913D-ECA73993F16A}.Release|x64.ActiveCfg = Release|x64
		{53C96AD0-A136-4467-913D-ECA73993F16A}.Release|x64.Build.0 = Release|x64
		{53C96AD0-A136-4467-913D-ECA73993F16A}.Release|x86.ActiveCfg = Release|Win32
		{53C96AD0-A136-4467-913D-ECA73993F16A}.Release|x86.Build.0 = Release|Win32
		{D382D11D-2824-42DE-982D-915F47515D5A}.Debug|x64.ActiveCfg = Debug|x64
		{D382D11D-2824-42DE-982D-915F47515D5A}.Debug|x64.Build.0 = Debug|x64
		{D382D11D-2824-42DE-982D-915F47515D5A}.Debug|x86.ActiveCfg = Debug|Win32
		{D382D11D-2824-42DE-982D-915F47515D5A}.Debug|x86.Build.0 = Debug|Win32
		{D382D11D-2824-42DE-982D-915F47515D5A}.Release|x64.ActiveCfg = Release|x64
		{D382D11D-2824-42DE-982D-915F47515D5A}.Release|x64.Build.0 = Release|x64
		{D382D11D-2824-42DE-982D-915F47515D5A}.Release|x86.ActiveCfg = Release|Win32
		{D382D11D-2824-42DE-982D-915F47515D5A}.Release|x86.Build.0 = Release|Win32
		{08C6AB64-A5CD-4077-880C-1C841C300995}.Debug|x64.ActiveCfg = Debug|x64
		{08C6AB64-A5CD-4077-880C-1C841C300995}.Debug|x64.Build.0 = Debug|x64
		{08C6AB64-A5CD-4077-880C-1C841C300995}.Debug|x86.ActiveCfg = Debug|Win32
		{08C6AB64-A5CD-4077-880C-1C841C300995}.Debug|x86.Build.0 = Debug|Win32
		{08C6AB64-A5CD-4077-880C-1C841C300995}.Release|x64.ActiveCfg = Release|x64
		{08C6AB64-A5CD-4077-880C-1C841C300995}.Release|x64.Build.0 = Release|x64
		{08C6AB64-A5CD-4077-880C-1C841C300995}.Release|x86.ActiveCfg = Release|Win32
		{08C6AB64-A5CD-4077-880C-1C841C300995}.Release|x86.Build.0 = Release|Win32
		{E7442CBF-DA7F-4D51-A913-915ACCA8CC55}.Debug|x64.ActiveCfg = Debug|x64
		{E7442CBF-DA7F-4D51-A913-915ACCA8CC55}.Debug|x64.Build.0 = Debug|x64
		{E7442CBF-DA7F-4D51-A913-915ACCA8CC55}.Debug|x86.ActiveCfg = Debug|Win32
		{E7442CBF-DA7F-4D51-A913-915ACCA8CC55}.Debug|x86.Build.0 = Debug|Win32
		{E7442CBF-DA7F-4D51-A913-915ACCA8CC55}.Release|x64.ActiveCfg = Release|x64
		{E7442CBF-DA7F-4D51-A913-915ACCA8CC55}.Release|x64.Build.0 = Release|x64
		{E7442CBF-DA7F-4D51-A913-915ACCA8CC55}.Release|x86.ActiveCfg = Release|Win32
		{E7442CBF-DA7F-4D51-A913-915ACCA8CC55}.Release|x86.Build.0 = Release|Win32
	EndGlobalSection
	GlobalSection(SolutionProperties) = preSolution
		HideSolutionNode = FALSE
	EndGlobalSection
	GlobalSection(ExtensibilityGlobals) = postSolution
		SolutionGuid = {81D5B6F7-483C-49E8-8E4F-E1EC67BB7EBE}
	EndGlobalSection
EndGlobal
