
Microsoft Visual Studio Solution File, Format Version 12.00
# Visual Studio 15
VisualStudioVersion = 15.0.28307.1622
MinimumVisualStudioVersion = 10.0.40219.1
Project("{8BC9CEB8-8B4A-11D0-8D11-00A0C91BC942}") = "2021-09-13-task-1", "2021-09-13-task-1\2021-09-13-task-1.vcxproj", "{D8197EDA-4E14-42C8-BC5E-BA6ECD188421}"
EndProject
Project("{8BC9CEB8-8B4A-11D0-8D11-00A0C91BC942}") = "2021-09-13-task-2", "2021-09-13-task-2\2021-09-13-task-2.vcxproj", "{8D0DC5BA-9128-4440-B8F8-9816176206D5}"
EndProject
Project("{8BC9CEB8-8B4A-11D0-8D11-00A0C91BC942}") = "2021-09-13-task-3", "2021-09-13-task-3\2021-09-13-task-3.vcxproj", "{ED06A419-5791-40F9-8B8E-8AE21B1522FD}"
EndProject
Project("{8BC9CEB8-8B4A-11D0-8D11-00A0C91BC942}") = "2021-09-13-task-4", "2021-09-13-task-4\2021-09-13-task-4.vcxproj", "{FB8FCAD9-CD9B-412A-AF6E-8D3A1E194D4D}"
EndProject
Project("{8BC9CEB8-8B4A-11D0-8D11-00A0C91BC942}") = "2021-09-13-task-5", "2021-09-13-task-5\2021-09-13-task-5.vcxproj", "{3EA23E7D-ED86-45A3-A44B-F829E47AC68A}"
EndProject
Project("{8BC9CEB8-8B4A-11D0-8D11-00A0C91BC942}") = "2021-09-13-task-6", "2021-09-13-task-6\2021-09-13-task-6.vcxproj", "{682D6AEA-20AF-41ED-8DDA-8B7DF233E684}"
EndProject
Project("{8BC9CEB8-8B4A-11D0-8D11-00A0C91BC942}") = "2021-09-13-task-7", "2021-09-13-task-7\2021-09-13-task-7.vcxproj", "{DDE685E6-75DE-426B-B88D-506D3A483B45}"
EndProject
Project("{8BC9CEB8-8B4A-11D0-8D11-00A0C91BC942}") = "2021-09-13-task-8", "2021-09-13-task-8\2021-09-13-task-8.vcxproj", "{9DDC583C-8DF2-463C-A6CA-3E5877939B2A}"
EndProject
Project("{8BC9CEB8-8B4A-11D0-8D11-00A0C91BC942}") = "2021-09-13-task-9", "2021-09-13-task-9\2021-09-13-task-9.vcxproj", "{B4A6A42B-85B4-42A8-8408-F87CDB986036}"
EndProject
Project("{8BC9CEB8-8B4A-11D0-8D11-00A0C91BC942}") = "2021-09-13-task-10", "2021-09-13-task-10\2021-09-13-task-10.vcxproj", "{0A1E97A1-BC0C-4710-868C-BDCDF0D9774D}"
EndProject
Global
	GlobalSection(SolutionConfigurationPlatforms) = preSolution
		Debug|x64 = Debug|x64
		Debug|x86 = Debug|x86
		Release|x64 = Release|x64
		Release|x86 = Release|x86
	EndGlobalSection
	GlobalSection(ProjectConfigurationPlatforms) = postSolution
		{D8197EDA-4E14-42C8-BC5E-BA6ECD188421}.Debug|x64.ActiveCfg = Debug|x64
		{D8197EDA-4E14-42C8-BC5E-BA6ECD188421}.Debug|x64.Build.0 = Debug|x64
		{D8197EDA-4E14-42C8-BC5E-BA6ECD188421}.Debug|x86.ActiveCfg = Debug|Win32
		{D8197EDA-4E14-42C8-BC5E-BA6ECD188421}.Debug|x86.Build.0 = Debug|Win32
		{D8197EDA-4E14-42C8-BC5E-BA6ECD188421}.Release|x64.ActiveCfg = Release|x64
		{D8197EDA-4E14-42C8-BC5E-BA6ECD188421}.Release|x64.Build.0 = Release|x64
		{D8197EDA-4E14-42C8-BC5E-BA6ECD188421}.Release|x86.ActiveCfg = Release|Win32
		{D8197EDA-4E14-42C8-BC5E-BA6ECD188421}.Release|x86.Build.0 = Release|Win32
		{8D0DC5BA-9128-4440-B8F8-9816176206D5}.Debug|x64.ActiveCfg = Debug|x64
		{8D0DC5BA-9128-4440-B8F8-9816176206D5}.Debug|x64.Build.0 = Debug|x64
		{8D0DC5BA-9128-4440-B8F8-9816176206D5}.Debug|x86.ActiveCfg = Debug|Win32
		{8D0DC5BA-9128-4440-B8F8-9816176206D5}.Debug|x86.Build.0 = Debug|Win32
		{8D0DC5BA-9128-4440-B8F8-9816176206D5}.Release|x64.ActiveCfg = Release|x64
		{8D0DC5BA-9128-4440-B8F8-9816176206D5}.Release|x64.Build.0 = Release|x64
		{8D0DC5BA-9128-4440-B8F8-9816176206D5}.Release|x86.ActiveCfg = Release|Win32
		{8D0DC5BA-9128-4440-B8F8-9816176206D5}.Release|x86.Build.0 = Release|Win32
		{ED06A419-5791-40F9-8B8E-8AE21B1522FD}.Debug|x64.ActiveCfg = Debug|x64
		{ED06A419-5791-40F9-8B8E-8AE21B1522FD}.Debug|x64.Build.0 = Debug|x64
		{ED06A419-5791-40F9-8B8E-8AE21B1522FD}.Debug|x86.ActiveCfg = Debug|Win32
		{ED06A419-5791-40F9-8B8E-8AE21B1522FD}.Debug|x86.Build.0 = Debug|Win32
		{ED06A419-5791-40F9-8B8E-8AE21B1522FD}.Release|x64.ActiveCfg = Release|x64
		{ED06A419-5791-40F9-8B8E-8AE21B1522FD}.Release|x64.Build.0 = Release|x64
		{ED06A419-5791-40F9-8B8E-8AE21B1522FD}.Release|x86.ActiveCfg = Release|Win32
		{ED06A419-5791-40F9-8B8E-8AE21B1522FD}.Release|x86.Build.0 = Release|Win32
		{FB8FCAD9-CD9B-412A-AF6E-8D3A1E194D4D}.Debug|x64.ActiveCfg = Debug|x64
		{FB8FCAD9-CD9B-412A-AF6E-8D3A1E194D4D}.Debug|x64.Build.0 = Debug|x64
		{FB8FCAD9-CD9B-412A-AF6E-8D3A1E194D4D}.Debug|x86.ActiveCfg = Debug|Win32
		{FB8FCAD9-CD9B-412A-AF6E-8D3A1E194D4D}.Debug|x86.Build.0 = Debug|Win32
		{FB8FCAD9-CD9B-412A-AF6E-8D3A1E194D4D}.Release|x64.ActiveCfg = Release|x64
		{FB8FCAD9-CD9B-412A-AF6E-8D3A1E194D4D}.Release|x64.Build.0 = Release|x64
		{FB8FCAD9-CD9B-412A-AF6E-8D3A1E194D4D}.Release|x86.ActiveCfg = Release|Win32
		{FB8FCAD9-CD9B-412A-AF6E-8D3A1E194D4D}.Release|x86.Build.0 = Release|Win32
		{3EA23E7D-ED86-45A3-A44B-F829E47AC68A}.Debug|x64.ActiveCfg = Debug|x64
		{3EA23E7D-ED86-45A3-A44B-F829E47AC68A}.Debug|x64.Build.0 = Debug|x64
		{3EA23E7D-ED86-45A3-A44B-F829E47AC68A}.Debug|x86.ActiveCfg = Debug|Win32
		{3EA23E7D-ED86-45A3-A44B-F829E47AC68A}.Debug|x86.Build.0 = Debug|Win32
		{3EA23E7D-ED86-45A3-A44B-F829E47AC68A}.Release|x64.ActiveCfg = Release|x64
		{3EA23E7D-ED86-45A3-A44B-F829E47AC68A}.Release|x64.Build.0 = Release|x64
		{3EA23E7D-ED86-45A3-A44B-F829E47AC68A}.Release|x86.ActiveCfg = Release|Win32
		{3EA23E7D-ED86-45A3-A44B-F829E47AC68A}.Release|x86.Build.0 = Release|Win32
		{682D6AEA-20AF-41ED-8DDA-8B7DF233E684}.Debug|x64.ActiveCfg = Debug|x64
		{682D6AEA-20AF-41ED-8DDA-8B7DF233E684}.Debug|x64.Build.0 = Debug|x64
		{682D6AEA-20AF-41ED-8DDA-8B7DF233E684}.Debug|x86.ActiveCfg = Debug|Win32
		{682D6AEA-20AF-41ED-8DDA-8B7DF233E684}.Debug|x86.Build.0 = Debug|Win32
		{682D6AEA-20AF-41ED-8DDA-8B7DF233E684}.Release|x64.ActiveCfg = Release|x64
		{682D6AEA-20AF-41ED-8DDA-8B7DF233E684}.Release|x64.Build.0 = Release|x64
		{682D6AEA-20AF-41ED-8DDA-8B7DF233E684}.Release|x86.ActiveCfg = Release|Win32
		{682D6AEA-20AF-41ED-8DDA-8B7DF233E684}.Release|x86.Build.0 = Release|Win32
		{DDE685E6-75DE-426B-B88D-506D3A483B45}.Debug|x64.ActiveCfg = Debug|x64
		{DDE685E6-75DE-426B-B88D-506D3A483B45}.Debug|x64.Build.0 = Debug|x64
		{DDE685E6-75DE-426B-B88D-506D3A483B45}.Debug|x86.ActiveCfg = Debug|Win32
		{DDE685E6-75DE-426B-B88D-506D3A483B45}.Debug|x86.Build.0 = Debug|Win32
		{DDE685E6-75DE-426B-B88D-506D3A483B45}.Release|x64.ActiveCfg = Release|x64
		{DDE685E6-75DE-426B-B88D-506D3A483B45}.Release|x64.Build.0 = Release|x64
		{DDE685E6-75DE-426B-B88D-506D3A483B45}.Release|x86.ActiveCfg = Release|Win32
		{DDE685E6-75DE-426B-B88D-506D3A483B45}.Release|x86.Build.0 = Release|Win32
		{9DDC583C-8DF2-463C-A6CA-3E5877939B2A}.Debug|x64.ActiveCfg = Debug|x64
		{9DDC583C-8DF2-463C-A6CA-3E5877939B2A}.Debug|x64.Build.0 = Debug|x64
		{9DDC583C-8DF2-463C-A6CA-3E5877939B2A}.Debug|x86.ActiveCfg = Debug|Win32
		{9DDC583C-8DF2-463C-A6CA-3E5877939B2A}.Debug|x86.Build.0 = Debug|Win32
		{9DDC583C-8DF2-463C-A6CA-3E5877939B2A}.Release|x64.ActiveCfg = Release|x64
		{9DDC583C-8DF2-463C-A6CA-3E5877939B2A}.Release|x64.Build.0 = Release|x64
		{9DDC583C-8DF2-463C-A6CA-3E5877939B2A}.Release|x86.ActiveCfg = Release|Win32
		{9DDC583C-8DF2-463C-A6CA-3E5877939B2A}.Release|x86.Build.0 = Release|Win32
		{B4A6A42B-85B4-42A8-8408-F87CDB986036}.Debug|x64.ActiveCfg = Debug|x64
		{B4A6A42B-85B4-42A8-8408-F87CDB986036}.Debug|x64.Build.0 = Debug|x64
		{B4A6A42B-85B4-42A8-8408-F87CDB986036}.Debug|x86.ActiveCfg = Debug|Win32
		{B4A6A42B-85B4-42A8-8408-F87CDB986036}.Debug|x86.Build.0 = Debug|Win32
		{B4A6A42B-85B4-42A8-8408-F87CDB986036}.Release|x64.ActiveCfg = Release|x64
		{B4A6A42B-85B4-42A8-8408-F87CDB986036}.Release|x64.Build.0 = Release|x64
		{B4A6A42B-85B4-42A8-8408-F87CDB986036}.Release|x86.ActiveCfg = Release|Win32
		{B4A6A42B-85B4-42A8-8408-F87CDB986036}.Release|x86.Build.0 = Release|Win32
		{0A1E97A1-BC0C-4710-868C-BDCDF0D9774D}.Debug|x64.ActiveCfg = Debug|x64
		{0A1E97A1-BC0C-4710-868C-BDCDF0D9774D}.Debug|x64.Build.0 = Debug|x64
		{0A1E97A1-BC0C-4710-868C-BDCDF0D9774D}.Debug|x86.ActiveCfg = Debug|Win32
		{0A1E97A1-BC0C-4710-868C-BDCDF0D9774D}.Debug|x86.Build.0 = Debug|Win32
		{0A1E97A1-BC0C-4710-868C-BDCDF0D9774D}.Release|x64.ActiveCfg = Release|x64
		{0A1E97A1-BC0C-4710-868C-BDCDF0D9774D}.Release|x64.Build.0 = Release|x64
		{0A1E97A1-BC0C-4710-868C-BDCDF0D9774D}.Release|x86.ActiveCfg = Release|Win32
		{0A1E97A1-BC0C-4710-868C-BDCDF0D9774D}.Release|x86.Build.0 = Release|Win32
	EndGlobalSection
	GlobalSection(SolutionProperties) = preSolution
		HideSolutionNode = FALSE
	EndGlobalSection
	GlobalSection(ExtensibilityGlobals) = postSolution
		SolutionGuid = {C7F8337B-8F2D-4A6D-8891-A5E7C71B46D1}
	EndGlobalSection
EndGlobal
